
Microsoft Visual Studio Solution File, Format Version 12.00
# Visual Studio Version 17
VisualStudioVersion = 17.14.36511.14 d17.14
MinimumVisualStudioVersion = 10.0.40219.1
Project("{FAE04EC0-301F-11D3-BF4B-00C04F79EFBC}") = "WpfApp1", "WpfApp1\WpfApp1.csproj", "{400B9A26-6981-4476-8E19-C1278421CCB2}"
EndProject
Global
	GlobalSection(SolutionConfigurationPlatforms) = preSolution
		Debug|Any CPU = Debug|Any CPU
		Release|Any CPU = Release|Any CPU
	EndGlobalSection
	GlobalSection(ProjectConfigurationPlatforms) = postSolution
		{400B9A26-6981-4476-8E19-C1278421CCB2}.Debug|Any CPU.ActiveCfg = Debug|Any CPU
		{400B9A26-6981-4476-8E19-C1278421CCB2}.Debug|Any CPU.Build.0 = Debug|Any CPU
		{400B9A26-6981-4476-8E19-C1278421CCB2}.Release|Any CPU.ActiveCfg = Release|Any CPU
		{400B9A26-6981-4476-8E19-C1278421CCB2}.Release|Any CPU.Build.0 = Release|Any CPU
	EndGlobalSection
	GlobalSection(SolutionProperties) = preSolution
		HideSolutionNode = FALSE
	EndGlobalSection
	GlobalSection(ExtensibilityGlobals) = postSolution
		SolutionGuid = {BA867744-25F0-4853-BFD5-26D7C7584922}
	EndGlobalSection
EndGlobal
